{
  "schema": 1,
  "pi": {
    "name": "@earendil-works/pi-coding-agent",
    "version": "1.0.0",
    "range": "1.0.x",
    "mode": "checked"
  },
  "packages": [
    { "name": "pi-subagents", "version": "0.75.0", "mode": "install" },
    { "name": "@gotgenes/pi-permission-system", "version": "39.0.2", "mode": "phase3" },
    { "name": "pi-permission-ai-guard", "version": "0.13.0", "mode": "phase3" },
    { "name": "pi-foreman", "mode": "local" }
  ]
}
